// !$*UTF8*$!
{
	archiveVersion = 1;
	classes = {
	};
	objectVersion = 46;
	objects = {

/* Begin PBXBuildFile section */
		7B314B5216EFEA9E00F44C00 /* DeallocManager.m in Sources */ = {isa = PBXBuildFile; fileRef = 7B314B5116EFEA9E00F44C00 /* DeallocManager.m */; };
		7BB6CFFC16EFE34100FF9F61 /* Cocoa.framework in Frameworks */ = {isa = PBXBuildFile; fileRef = 7BB6CFFB16EFE34100FF9F61 /* Cocoa.framework */; };
		7BB6D00616EFE34100FF9F61 /* InfoPlist.strings in Resources */ = {isa = PBXBuildFile; fileRef = 7BB6D00416EFE34100FF9F61 /* InfoPlist.strings */; };
		7BB6D00816EFE34100FF9F61 /* main.m in Sources */ = {isa = PBXBuildFile; fileRef = 7BB6D00716EFE34100FF9F61 /* main.m */; };
		7BB6D00C16EFE34100FF9F61 /* Credits.rtf in Resources */ = {isa = PBXBuildFile; fileRef = 7BB6D00A16EFE34100FF9F61 /* Credits.rtf */; };
		7BB6D00F16EFE34100FF9F61 /* AppDelegate.m in Sources */ = {isa = PBXBuildFile; fileRef = 7BB6D00E16EFE34100FF9F61 /* AppDelegate.m */; };
		7BB6D01216EFE34100FF9F61 /* MainMenu.xib in Resources */ = {isa = PBXBuildFile; fileRef = 7BB6D01016EFE34100FF9F61 /* MainMenu.xib */; };
		7BB6D01A16EFE5C100FF9F61 /* FilePairingObject.m in Sources */ = {isa = PBXBuildFile; fileRef = 7BB6D01916EFE5C100FF9F61 /* FilePairingObject.m */; };
/* End PBXBuildFile section */

/* Begin PBXFileReference section */
		7B314B5016EFEA9E00F44C00 /* DeallocManager.h */ = {isa = PBXFileReference; fileEncoding = 4; lastKnownFileType = sourcecode.c.h; path = DeallocManager.h; sourceTree = "<group>"; };
		7B314B5116EFEA9E00F44C00 /* DeallocManager.m */ = {isa = PBXFileReference; fileEncoding = 4; lastKnownFileType = sourcecode.c.objc; path = DeallocManager.m; sourceTree = "<group>"; };
		7BB6CFF816EFE34100FF9F61 /* TheDeallocer.app */ = {isa = PBXFileReference; explicitFileType = wrapper.application; includeInIndex = 0; path = TheDeallocer.app; sourceTree = BUILT_PRODUCTS_DIR; };
		7BB6CFFB16EFE34100FF9F61 /* Cocoa.framework */ = {isa = PBXFileReference; lastKnownFileType = wrapper.framework; name = Cocoa.framework; path = System/Library/Frameworks/Cocoa.framework; sourceTree = SDKROOT; };
		7BB6CFFE16EFE34100FF9F61 /* AppKit.framework */ = {isa = PBXFileReference; lastKnownFileType = wrapper.framework; name = AppKit.framework; path = System/Library/Frameworks/AppKit.framework; sourceTree = SDKROOT; };
		7BB6CFFF16EFE34100FF9F61 /* CoreData.framework */ = {isa = PBXFileReference; lastKnownFileType = wrapper.framework; name = CoreData.framework; path = System/Library/Frameworks/CoreData.framework; sourceTree = SDKROOT; };
		7BB6D00016EFE34100FF9F61 /* Foundation.framework */ = {isa = PBXFileReference; lastKnownFileType = wrapper.framework; name = Foundation.framework; path = System/Library/Frameworks/Foundation.framework; sourceTree = SDKROOT; };
		7BB6D00316EFE34100FF9F61 /* TheDeallocer-Info.plist */ = {isa = PBXFileReference; lastKnownFileType = text.plist.xml; path = "TheDeallocer-Info.plist"; sourceTree = "<group>"; };
		7BB6D00516EFE34100FF9F61 /* en */ = {isa = PBXFileReference; lastKnownFileType = text.plist.strings; name = en; path = en.lproj/InfoPlist.strings; sourceTree = "<group>"; };
		7BB6D00716EFE34100FF9F61 /* main.m */ = {isa = PBXFileReference; lastKnownFileType = sourcecode.c.objc; path = main.m; sourceTree = "<group>"; };
		7BB6D00916EFE34100FF9F61 /* TheDeallocer-Prefix.pch */ = {isa = PBXFileReference; lastKnownFileType = sourcecode.c.h; path = "TheDeallocer-Prefix.pch"; sourceTree = "<group>"; };
		7BB6D00B16EFE34100FF9F61 /* en */ = {isa = PBXFileReference; lastKnownFileType = text.rtf; name = en; path = en.lproj/Credits.rtf; sourceTree = "<group>"; };
		7BB6D00D16EFE34100FF9F61 /* AppDelegate.h */ = {isa = PBXFileReference; lastKnownFileType = sourcecode.c.h; path = AppDelegate.h; sourceTree = "<group>"; };
		7BB6D00E16EFE34100FF9F61 /* AppDelegate.m */ = {isa = PBXFileReference; lastKnownFileType = sourcecode.c.objc; path = AppDelegate.m; sourceTree = "<group>"; };
		7BB6D01116EFE34100FF9F61 /* en */ = {isa = PBXFileReference; lastKnownFileType = file.xib; name = en; path = en.lproj/MainMenu.xib; sourceTree = "<group>"; };
		7BB6D01816EFE5C100FF9F61 /* FilePairingObject.h */ = {isa = PBXFileReference; fileEncoding = 4; lastKnownFileType = sourcecode.c.h; path = FilePairingObject.h; sourceTree = "<group>"; };
		7BB6D01916EFE5C100FF9F61 /* FilePairingObject.m */ = {isa = PBXFileReference; fileEncoding = 4; lastKnownFileType = sourcecode.c.objc; path = FilePairingObject.m; sourceTree = "<group>"; };
/* End PBXFileReference section */

/* Begin PBXFrameworksBuildPhase section */
		7BB6CFF516EFE34100FF9F61 /* Frameworks */ = {
			isa = PBXFrameworksBuildPhase;
			buildActionMask = 2147483647;
			files = (
				7BB6CFFC16EFE34100FF9F61 /* Cocoa.framework in Frameworks */,
			);
			runOnlyForDeploymentPostprocessing = 0;
		};
/* End PBXFrameworksBuildPhase section */

/* Begin PBXGroup section */
		7BB6CFEF16EFE34100FF9F61 = {
			isa = PBXGroup;
			children = (
				7BB6D00116EFE34100FF9F61 /* TheDeallocer */,
				7BB6CFFA16EFE34100FF9F61 /* Frameworks */,
				7BB6CFF916EFE34100FF9F61 /* Products */,
			);
			sourceTree = "<group>";
		};
		7BB6CFF916EFE34100FF9F61 /* Products */ = {
			isa = PBXGroup;
			children = (
				7BB6CFF816EFE34100FF9F61 /* TheDeallocer.app */,
			);
			name = Products;
			sourceTree = "<group>";
		};
		7BB6CFFA16EFE34100FF9F61 /* Frameworks */ = {
			isa = PBXGroup;
			children = (
				7BB6CFFB16EFE34100FF9F61 /* Cocoa.framework */,
				7BB6CFFD16EFE34100FF9F61 /* Other Frameworks */,
			);
			name = Frameworks;
			sourceTree = "<group>";
		};
		7BB6CFFD16EFE34100FF9F61 /* Other Frameworks */ = {
			isa = PBXGroup;
			children = (
				7BB6CFFE16EFE34100FF9F61 /* AppKit.framework */,
				7BB6CFFF16EFE34100FF9F61 /* CoreData.framework */,
				7BB6D00016EFE34100FF9F61 /* Foundation.framework */,
			);
			name = "Other Frameworks";
			sourceTree = "<group>";
		};
		7BB6D00116EFE34100FF9F61 /* TheDeallocer */ = {
			isa = PBXGroup;
			children = (
				7BB6D00D16EFE34100FF9F61 /* AppDelegate.h */,
				7BB6D00E16EFE34100FF9F61 /* AppDelegate.m */,
				7BB6D01016EFE34100FF9F61 /* MainMenu.xib */,
				7BB6D00216EFE34100FF9F61 /* Supporting Files */,
				7BB6D01816EFE5C100FF9F61 /* FilePairingObject.h */,
				7BB6D01916EFE5C100FF9F61 /* FilePairingObject.m */,
				7B314B5016EFEA9E00F44C00 /* DeallocManager.h */,
				7B314B5116EFEA9E00F44C00 /* DeallocManager.m */,
			);
			path = TheDeallocer;
			sourceTree = "<group>";
		};
		7BB6D00216EFE34100FF9F61 /* Supporting Files */ = {
			isa = PBXGroup;
			children = (
				7BB6D00316EFE34100FF9F61 /* TheDeallocer-Info.plist */,
				7BB6D00416EFE34100FF9F61 /* InfoPlist.strings */,
				7BB6D00716EFE34100FF9F61 /* main.m */,
				7BB6D00916EFE34100FF9F61 /* TheDeallocer-Prefix.pch */,
				7BB6D00A16EFE34100FF9F61 /* Credits.rtf */,
			);
			name = "Supporting Files";
			sourceTree = "<group>";
		};
/* End PBXGroup section */

/* Begin PBXNativeTarget section */
		7BB6CFF716EFE34100FF9F61 /* TheDeallocer */ = {
			isa = PBXNativeTarget;
			buildConfigurationList = 7BB6D01516EFE34100FF9F61 /* Build configuration list for PBXNativeTarget "TheDeallocer" */;
			buildPhases = (
				7BB6CFF416EFE34100FF9F61 /* Sources */,
				7BB6CFF516EFE34100FF9F61 /* Frameworks */,
				7BB6CFF616EFE34100FF9F61 /* Resources */,
			);
			buildRules = (
			);
			dependencies = (
			);
			name = TheDeallocer;
			productName = TheDeallocer;
			productReference = 7BB6CFF816EFE34100FF9F61 /* TheDeallocer.app */;
			productType = "com.apple.product-type.application";
		};
/* End PBXNativeTarget section */

/* Begin PBXProject section */
		7BB6CFF016EFE34100FF9F61 /* Project object */ = {
			isa = PBXProject;
			attributes = {
				LastUpgradeCheck = 0460;
				ORGANIZATIONNAME = "Josh Klobe";
			};
			buildConfigurationList = 7BB6CFF316EFE34100FF9F61 /* Build configuration list for PBXProject "TheDeallocer" */;
			compatibilityVersion = "Xcode 3.2";
			developmentRegion = English;
			hasScannedForEncodings = 0;
			knownRegions = (
				en,
			);
			mainGroup = 7BB6CFEF16EFE34100FF9F61;
			productRefGroup = 7BB6CFF916EFE34100FF9F61 /* Products */;
			projectDirPath = "";
			projectRoot = "";
			targets = (
				7BB6CFF716EFE34100FF9F61 /* TheDeallocer */,
			);
		};
/* End PBXProject section */

/* Begin PBXResourcesBuildPhase section */
		7BB6CFF616EFE34100FF9F61 /* Resources */ = {
			isa = PBXResourcesBuildPhase;
			buildActionMask = 2147483647;
			files = (
				7BB6D00616EFE34100FF9F61 /* InfoPlist.strings in Resources */,
				7BB6D00C16EFE34100FF9F61 /* Credits.rtf in Resources */,
				7BB6D01216EFE34100FF9F61 /* MainMenu.xib in Resources */,
			);
			runOnlyForDeploymentPostprocessing = 0;
		};
/* End PBXResourcesBuildPhase section */

/* Begin PBXSourcesBuildPhase section */
		7BB6CFF416EFE34100FF9F61 /* Sources */ = {
			isa = PBXSourcesBuildPhase;
			buildActionMask = 2147483647;
			files = (
				7BB6D00816EFE34100FF9F61 /* main.m in Sources */,
				7BB6D00F16EFE34100FF9F61 /* AppDelegate.m in Sources */,
				7BB6D01A16EFE5C100FF9F61 /* FilePairingObject.m in Sources */,
				7B314B5216EFEA9E00F44C00 /* DeallocManager.m in Sources */,
			);
			runOnlyForDeploymentPostprocessing = 0;
		};
/* End PBXSourcesBuildPhase section */

/* Begin PBXVariantGroup section */
		7BB6D00416EFE34100FF9F61 /* InfoPlist.strings */ = {
			isa = PBXVariantGroup;
			children = (
				7BB6D00516EFE34100FF9F61 /* en */,
			);
			name = InfoPlist.strings;
			sourceTree = "<group>";
		};
		7BB6D00A16EFE34100FF9F61 /* Credits.rtf */ = {
			isa = PBXVariantGroup;
			children = (
				7BB6D00B16EFE34100FF9F61 /* en */,
			);
			name = Credits.rtf;
			sourceTree = "<group>";
		};
		7BB6D01016EFE34100FF9F61 /* MainMenu.xib */ = {
			isa = PBXVariantGroup;
			children = (
				7BB6D01116EFE34100FF9F61 /* en */,
			);
			name = MainMenu.xib;
			sourceTree = "<group>";
		};
/* End PBXVariantGroup section */

/* Begin XCBuildConfiguration section */
		7BB6D01316EFE34100FF9F61 /* Debug */ = {
			isa = XCBuildConfiguration;
			buildSettings = {
				ALWAYS_SEARCH_USER_PATHS = NO;
				ARCHS = "$(ARCHS_STANDARD_64_BIT)";
				CLANG_CXX_LANGUAGE_STANDARD = "gnu++0x";
				CLANG_CXX_LIBRARY = "libc++";
				CLANG_WARN_CONSTANT_CONVERSION = YES;
				CLANG_WARN_EMPTY_BODY = YES;
				CLANG_WARN_ENUM_CONVERSION = YES;
				CLANG_WARN_INT_CONVERSION = YES;
				CLANG_WARN__DUPLICATE_METHOD_MATCH = YES;
				COPY_PHASE_STRIP = NO;
				GCC_C_LANGUAGE_STANDARD = gnu99;
				GCC_DYNAMIC_NO_PIC = NO;
				GCC_ENABLE_OBJC_EXCEPTIONS = YES;
				GCC_OPTIMIZATION_LEVEL = 0;
				GCC_PREPROCESSOR_DEFINITIONS = (
					"DEBUG=1",
					"$(inherited)",
				);
				GCC_SYMBOLS_PRIVATE_EXTERN = NO;
				GCC_WARN_64_TO_32_BIT_CONVERSION = YES;
				GCC_WARN_ABOUT_RETURN_TYPE = YES;
				GCC_WARN_UNINITIALIZED_AUTOS = YES;
				GCC_WARN_UNUSED_VARIABLE = YES;
				MACOSX_DEPLOYMENT_TARGET = 10.8;
				ONLY_ACTIVE_ARCH = YES;
				SDKROOT = macosx;
			};
			name = Debug;
		};
		7BB6D01416EFE34100FF9F61 /* Release */ = {
			isa = XCBuildConfiguration;
			buildSettings = {
				ALWAYS_SEARCH_USER_PATHS = NO;
				ARCHS = "$(ARCHS_STANDARD_64_BIT)";
				CLANG_CXX_LANGUAGE_STANDARD = "gnu++0x";
				CLANG_CXX_LIBRARY = "libc++";
				CLANG_WARN_CONSTANT_CONVERSION = YES;
				CLANG_WARN_EMPTY_BODY = YES;
				CLANG_WARN_ENUM_CONVERSION = YES;
				CLANG_WARN_INT_CONVERSION = YES;
				CLANG_WARN__DUPLICATE_METHOD_MATCH = YES;
				COPY_PHASE_STRIP = YES;
				DEBUG_INFORMATION_FORMAT = "dwarf-with-dsym";
				GCC_C_LANGUAGE_STANDARD = gnu99;
				GCC_ENABLE_OBJC_EXCEPTIONS = YES;
				GCC_WARN_64_TO_32_BIT_CONVERSION = YES;
				GCC_WARN_ABOUT_RETURN_TYPE = YES;
				GCC_WARN_UNINITIALIZED_AUTOS = YES;
				GCC_WARN_UNUSED_VARIABLE = YES;
				MACOSX_DEPLOYMENT_TARGET = 10.8;
				SDKROOT = macosx;
			};
			name = Release;
		};
		7BB6D01616EFE34100FF9F61 /* Debug */ = {
			isa = XCBuildConfiguration;
			buildSettings = {
				COMBINE_HIDPI_IMAGES = YES;
				GCC_PRECOMPILE_PREFIX_HEADER = YES;
				GCC_PREFIX_HEADER = "TheDeallocer/TheDeallocer-Prefix.pch";
				INFOPLIST_FILE = "TheDeallocer/TheDeallocer-Info.plist";
				PRODUCT_NAME = "$(TARGET_NAME)";
				WRAPPER_EXTENSION = app;
			};
			name = Debug;
		};
		7BB6D01716EFE34100FF9F61 /* Release */ = {
			isa = XCBuildConfiguration;
			buildSettings = {
				COMBINE_HIDPI_IMAGES = YES;
				GCC_PRECOMPILE_PREFIX_HEADER = YES;
				GCC_PREFIX_HEADER = "TheDeallocer/TheDeallocer-Prefix.pch";
				INFOPLIST_FILE = "TheDeallocer/TheDeallocer-Info.plist";
				PRODUCT_NAME = "$(TARGET_NAME)";
				WRAPPER_EXTENSION = app;
			};
			name = Release;
		};
/* End XCBuildConfiguration section */

/* Begin XCConfigurationList section */
		7BB6CFF316EFE34100FF9F61 /* Build configuration list for PBXProject "TheDeallocer" */ = {
			isa = XCConfigurationList;
			buildConfigurations = (
				7BB6D01316EFE34100FF9F61 /* Debug */,
				7BB6D01416EFE34100FF9F61 /* Release */,
			);
			defaultConfigurationIsVisible = 0;
			defaultConfigurationName = Release;
		};
		7BB6D01516EFE34100FF9F61 /* Build configuration list for PBXNativeTarget "TheDeallocer" */ = {
			isa = XCConfigurationList;
			buildConfigurations = (
				7BB6D01616EFE34100FF9F61 /* Debug */,
				7BB6D01716EFE34100FF9F61 /* Release */,
			);
			defaultConfigurationIsVisible = 0;
			defaultConfigurationName = Release;
		};
/* End XCConfigurationList section */
	};
	rootObject = 7BB6CFF016EFE34100FF9F61 /* Project object */;
}
